
Microsoft Visual Studio Solution File, Format Version 12.00
# Visual Studio 15
VisualStudioVersion = 15.0.27703.2035
MinimumVisualStudioVersion = 10.0.40219.1
Project("{FAE04EC0-301F-11D3-BF4B-00C04F79EFBC}") = "WhatsAPPSendConsole", "WhatsAPPSendConsole\WhatsAPPSendConsole.csproj", "{255A7CC4-48A0-4C19-AFF9-44399CDE4745}"
EndProject
Global
	GlobalSection(SolutionConfigurationPlatforms) = preSolution
		Debug|Any CPU = Debug|Any CPU
		Release|Any CPU = Release|Any CPU
	EndGlobalSection
	GlobalSection(ProjectConfigurationPlatforms) = postSolution
		{255A7CC4-48A0-4C19-AFF9-44399CDE4745}.Debug|Any CPU.ActiveCfg = Debug|Any CPU
		{255A7CC4-48A0-4C19-AFF9-44399CDE4745}.Debug|Any CPU.Build.0 = Debug|Any CPU
		{255A7CC4-48A0-4C19-AFF9-44399CDE4745}.Release|Any CPU.ActiveCfg = Release|Any CPU
		{255A7CC4-48A0-4C19-AFF9-44399CDE4745}.Release|Any CPU.Build.0 = Release|Any CPU
	EndGlobalSection
	GlobalSection(SolutionProperties) = preSolution
		HideSolutionNode = FALSE
	EndGlobalSection
	GlobalSection(ExtensibilityGlobals) = postSolution
		SolutionGuid = {2BF7C7B9-1C9E-4062-8F31-33F7A422A5E5}
	EndGlobalSection
EndGlobal
